// !$*UTF8*$!
{
	archiveVersion = 1;
	classes = {
	};
	objectVersion = 50;
	objects = {

/* Begin PBXBuildFile section */
		720A389623A7F8E20026EFC9 /* AppDelegate.swift in Sources */ = {isa = PBXBuildFile; fileRef = 720A389523A7F8E20026EFC9 /* AppDelegate.swift */; };
		720A389D23A7F8E60026EFC9 /* Assets.xcassets in Resources */ = {isa = PBXBuildFile; fileRef = 720A389C23A7F8E60026EFC9 /* Assets.xcassets */; };
		720A38A023A7F8E60026EFC9 /* LaunchScreen.storyboard in Resources */ = {isa = PBXBuildFile; fileRef = 720A389E23A7F8E60026EFC9 /* LaunchScreen.storyboard */; };
		720A38A923AA920A0026EFC9 /* ImagesCollectionViewController.swift in Sources */ = {isa = PBXBuildFile; fileRef = 720A38A823AA920A0026EFC9 /* ImagesCollectionViewController.swift */; };
		720A38AB23AA92180026EFC9 /* ImagesCollectionPresenter.swift in Sources */ = {isa = PBXBuildFile; fileRef = 720A38AA23AA92180026EFC9 /* ImagesCollectionPresenter.swift */; };
		720A38AE23AA922D0026EFC9 /* ImagesCollectionRouter.swift in Sources */ = {isa = PBXBuildFile; fileRef = 720A38AD23AA922D0026EFC9 /* ImagesCollectionRouter.swift */; };
		720A38B123AA92BA0026EFC9 /* IImagesCollectionViewController.swift in Sources */ = {isa = PBXBuildFile; fileRef = 720A38B023AA92BA0026EFC9 /* IImagesCollectionViewController.swift */; };
		720A38B323AA92C80026EFC9 /* IImagesCollectionPresenter.swift in Sources */ = {isa = PBXBuildFile; fileRef = 720A38B223AA92C80026EFC9 /* IImagesCollectionPresenter.swift */; };
		720A38B523AA92E10026EFC9 /* IImagesCollectionRouter.swift in Sources */ = {isa = PBXBuildFile; fileRef = 720A38B423AA92E10026EFC9 /* IImagesCollectionRouter.swift */; };
		720A38B823AA9A050026EFC9 /* NetworkRepository.swift in Sources */ = {isa = PBXBuildFile; fileRef = 720A38B723AA9A050026EFC9 /* NetworkRepository.swift */; };
		720A38BA23AA9A170026EFC9 /* INetworkRepository.swift in Sources */ = {isa = PBXBuildFile; fileRef = 720A38B923AA9A170026EFC9 /* INetworkRepository.swift */; };
		720A38BD23ACF27B0026EFC9 /* ImageCell.swift in Sources */ = {isa = PBXBuildFile; fileRef = 720A38BC23ACF27B0026EFC9 /* ImageCell.swift */; };
		720A38C023AD093E0026EFC9 /* UIConstants.swift in Sources */ = {isa = PBXBuildFile; fileRef = 720A38BF23AD093E0026EFC9 /* UIConstants.swift */; };
		720A38C223AD6D5E0026EFC9 /* Fonts.swift in Sources */ = {isa = PBXBuildFile; fileRef = 720A38C123AD6D5E0026EFC9 /* Fonts.swift */; };
		720A38F223AF8C030026EFC9 /* Images.swift in Sources */ = {isa = PBXBuildFile; fileRef = 720A38F123AF8C030026EFC9 /* Images.swift */; };
		720A38F523B14FE00026EFC9 /* DatabaseRepository.swift in Sources */ = {isa = PBXBuildFile; fileRef = 720A38F423B14FE00026EFC9 /* DatabaseRepository.swift */; };
		720A38F723B14FEE0026EFC9 /* IDatabaseRepository.swift in Sources */ = {isa = PBXBuildFile; fileRef = 720A38F623B14FEE0026EFC9 /* IDatabaseRepository.swift */; };
		720A38FA23B21C010026EFC9 /* ImageModel.xcdatamodeld in Sources */ = {isa = PBXBuildFile; fileRef = 720A38F823B21C010026EFC9 /* ImageModel.xcdatamodeld */; };
		720A38FE23B21E070026EFC9 /* CDImageModelManager.swift in Sources */ = {isa = PBXBuildFile; fileRef = 720A38FD23B21E070026EFC9 /* CDImageModelManager.swift */; };
		720A390423B220EE0026EFC9 /* ImageModel+CoreDataClass.swift in Sources */ = {isa = PBXBuildFile; fileRef = 720A390223B220EE0026EFC9 /* ImageModel+CoreDataClass.swift */; };
		720A390523B220EE0026EFC9 /* ImageModel+CoreDataProperties.swift in Sources */ = {isa = PBXBuildFile; fileRef = 720A390323B220EE0026EFC9 /* ImageModel+CoreDataProperties.swift */; };
		720A390823B223100026EFC9 /* ICDImageModelManager.swift in Sources */ = {isa = PBXBuildFile; fileRef = 720A390723B223100026EFC9 /* ICDImageModelManager.swift */; };
		720A390A23B3BF6A0026EFC9 /* UIImage+orientation.swift in Sources */ = {isa = PBXBuildFile; fileRef = 720A390923B3BF690026EFC9 /* UIImage+orientation.swift */; };
		720A390D23C63B430026EFC9 /* WebSearchViewController.swift in Sources */ = {isa = PBXBuildFile; fileRef = 720A390C23C63B420026EFC9 /* WebSearchViewController.swift */; };
		720A390F23C63B580026EFC9 /* WebSearchPresenter.swift in Sources */ = {isa = PBXBuildFile; fileRef = 720A390E23C63B580026EFC9 /* WebSearchPresenter.swift */; };
		720A391123C63B690026EFC9 /* WebSearchRouter.swift in Sources */ = {isa = PBXBuildFile; fileRef = 720A391023C63B690026EFC9 /* WebSearchRouter.swift */; };
		720A391423C63C430026EFC9 /* IWebSearchViewController.swift in Sources */ = {isa = PBXBuildFile; fileRef = 720A391323C63C430026EFC9 /* IWebSearchViewController.swift */; };
		720A391623C63CA90026EFC9 /* IWebSearchPresenter.swift in Sources */ = {isa = PBXBuildFile; fileRef = 720A391523C63CA90026EFC9 /* IWebSearchPresenter.swift */; };
		720A391823C63CCF0026EFC9 /* IWebSearchRouter.swift in Sources */ = {isa = PBXBuildFile; fileRef = 720A391723C63CCF0026EFC9 /* IWebSearchRouter.swift */; };
		720A391B23C76D3D0026EFC9 /* WebImageCell.swift in Sources */ = {isa = PBXBuildFile; fileRef = 720A391A23C76D3D0026EFC9 /* WebImageCell.swift */; };
		720A391E23CA29120026EFC9 /* UnsplashAPI.swift in Sources */ = {isa = PBXBuildFile; fileRef = 720A391D23CA29120026EFC9 /* UnsplashAPI.swift */; };
		720A392323CA2A5E0026EFC9 /* UnsplashImage.swift in Sources */ = {isa = PBXBuildFile; fileRef = 720A392223CA2A5E0026EFC9 /* UnsplashImage.swift */; };
		720A392523CA2D1F0026EFC9 /* NetworkErrors.swift in Sources */ = {isa = PBXBuildFile; fileRef = 720A392423CA2D1F0026EFC9 /* NetworkErrors.swift */; };
		720A392723CB57A60026EFC9 /* CollectionViewActivityIndicator.swift in Sources */ = {isa = PBXBuildFile; fileRef = 720A392623CB57A50026EFC9 /* CollectionViewActivityIndicator.swift */; };
		720A392923CBC6C10026EFC9 /* CropView.swift in Sources */ = {isa = PBXBuildFile; fileRef = 85747C7823CB14E60014EA4B /* CropView.swift */; };
		720A392A23CBC78E0026EFC9 /* UIImage+cropImage.swift in Sources */ = {isa = PBXBuildFile; fileRef = 85747C7623CB10930014EA4B /* UIImage+cropImage.swift */; };
		8511E6ED23AA936A0032B588 /* ModuleFactory.swift in Sources */ = {isa = PBXBuildFile; fileRef = 8511E6EC23AA936A0032B588 /* ModuleFactory.swift */; };
		85121CAC23C79B6000DD4020 /* FiltersStack.swift in Sources */ = {isa = PBXBuildFile; fileRef = 85121CAB23C79B6000DD4020 /* FiltersStack.swift */; };
		8546B83B23CC5FFB00F4B33C /* ImageEditorViewController+IImageEditorViewController.swift in Sources */ = {isa = PBXBuildFile; fileRef = 8546B83A23CC5FFB00F4B33C /* ImageEditorViewController+IImageEditorViewController.swift */; };
		8546B83D23CC60E600F4B33C /* ImageEditorViewController+UIScrollViewDelegate.swift in Sources */ = {isa = PBXBuildFile; fileRef = 8546B83C23CC60E600F4B33C /* ImageEditorViewController+UIScrollViewDelegate.swift */; };
		8546B83F23CC60F900F4B33C /* ImageEditorViewController+UICollectionViewDataSource.swift in Sources */ = {isa = PBXBuildFile; fileRef = 8546B83E23CC60F900F4B33C /* ImageEditorViewController+UICollectionViewDataSource.swift */; };
		8546B84123CC611100F4B33C /* ImageEditorViewController+UICollectionViewDelegate.swift in Sources */ = {isa = PBXBuildFile; fileRef = 8546B84023CC611100F4B33C /* ImageEditorViewController+UICollectionViewDelegate.swift */; };
		8546B84323CC613000F4B33C /* ImageEditorViewController+UICollectionViewDelegateFlowLayout.swift in Sources */ = {isa = PBXBuildFile; fileRef = 8546B84223CC613000F4B33C /* ImageEditorViewController+UICollectionViewDelegateFlowLayout.swift */; };
		85612AFB23ACE8140082DC95 /* ImageEditorViewController.swift in Sources */ = {isa = PBXBuildFile; fileRef = 85612AFA23ACE8140082DC95 /* ImageEditorViewController.swift */; };
		85612AFD23ACE8410082DC95 /* ImageEditorPresenter.swift in Sources */ = {isa = PBXBuildFile; fileRef = 85612AFC23ACE8410082DC95 /* ImageEditorPresenter.swift */; };
		85612AFF23ACE86E0082DC95 /* ImageEditorRouter.swift in Sources */ = {isa = PBXBuildFile; fileRef = 85612AFE23ACE86E0082DC95 /* ImageEditorRouter.swift */; };
		85612B0223ACE8AC0082DC95 /* IImageEditorViewController.swift in Sources */ = {isa = PBXBuildFile; fileRef = 85612B0123ACE8AC0082DC95 /* IImageEditorViewController.swift */; };
		85612B0423ACE8DC0082DC95 /* IImageEditorPresenter.swift in Sources */ = {isa = PBXBuildFile; fileRef = 85612B0323ACE8DC0082DC95 /* IImageEditorPresenter.swift */; };
		85612B0623ACE8FC0082DC95 /* IImageEditorRouter.swift in Sources */ = {isa = PBXBuildFile; fileRef = 85612B0523ACE8FC0082DC95 /* IImageEditorRouter.swift */; };
		8577DDA023B10D3100BE86E2 /* FilterCell.swift in Sources */ = {isa = PBXBuildFile; fileRef = 8577DD9F23B10D3100BE86E2 /* FilterCell.swift */; };
		8577DDA223B22D3C00BE86E2 /* FiltersList.swift in Sources */ = {isa = PBXBuildFile; fileRef = 8577DDA123B22D3C00BE86E2 /* FiltersList.swift */; };
		8577DDA423B24E0B00BE86E2 /* ImagesStack.swift in Sources */ = {isa = PBXBuildFile; fileRef = 8577DDA323B24E0B00BE86E2 /* ImagesStack.swift */; };
		858F4A8B23C1D5CE002C0BAB /* FilterParameter.swift in Sources */ = {isa = PBXBuildFile; fileRef = 858F4A8A23C1D5CE002C0BAB /* FilterParameter.swift */; };
		858F4AAD23C1EF6A002C0BAB /* InstrumentCell.swift in Sources */ = {isa = PBXBuildFile; fileRef = 858F4AAC23C1EF6A002C0BAB /* InstrumentCell.swift */; };
		858F4AAF23C2230A002C0BAB /* SliderView.swift in Sources */ = {isa = PBXBuildFile; fileRef = 858F4AAE23C2230A002C0BAB /* SliderView.swift */; };
		859BCCD123AE99C600553048 /* EditorControlsCreator.swift in Sources */ = {isa = PBXBuildFile; fileRef = 859BCCD023AE99C600553048 /* EditorControlsCreator.swift */; };
		859BCCDC23AF725B00553048 /* Filter.swift in Sources */ = {isa = PBXBuildFile; fileRef = 859BCCDB23AF725B00553048 /* Filter.swift */; };
		859BCCE523B0F4D100553048 /* UIImage+resize.swift in Sources */ = {isa = PBXBuildFile; fileRef = 859BCCE423B0F4D100553048 /* UIImage+resize.swift */; };
		859BCCE723B0F4DD00553048 /* UIImage+setFilter.swift in Sources */ = {isa = PBXBuildFile; fileRef = 859BCCE623B0F4DD00553048 /* UIImage+setFilter.swift */; };
		85F61CC123CA2DE500E2C8FF /* UIImageView+getImageRectangle.swift in Sources */ = {isa = PBXBuildFile; fileRef = 85F61CC023CA2DE500E2C8FF /* UIImageView+getImageRectangle.swift */; };
/* End PBXBuildFile section */

/* Begin PBXFileReference section */
		720A389223A7F8E20026EFC9 /* SuperPaint.app */ = {isa = PBXFileReference; explicitFileType = wrapper.application; includeInIndex = 0; path = SuperPaint.app; sourceTree = BUILT_PRODUCTS_DIR; };
		720A389523A7F8E20026EFC9 /* AppDelegate.swift */ = {isa = PBXFileReference; lastKnownFileType = sourcecode.swift; path = AppDelegate.swift; sourceTree = "<group>"; };
		720A389C23A7F8E60026EFC9 /* Assets.xcassets */ = {isa = PBXFileReference; lastKnownFileType = folder.assetcatalog; path = Assets.xcassets; sourceTree = "<group>"; };
		720A389F23A7F8E60026EFC9 /* Base */ = {isa = PBXFileReference; lastKnownFileType = file.storyboard; name = Base; path = Base.lproj/LaunchScreen.storyboard; sourceTree = "<group>"; };
		720A38A123A7F8E60026EFC9 /* Info.plist */ = {isa = PBXFileReference; lastKnownFileType = text.plist.xml; path = Info.plist; sourceTree = "<group>"; };
		720A38A823AA920A0026EFC9 /* ImagesCollectionViewController.swift */ = {isa = PBXFileReference; lastKnownFileType = sourcecode.swift; path = ImagesCollectionViewController.swift; sourceTree = "<group>"; };
		720A38AA23AA92180026EFC9 /* ImagesCollectionPresenter.swift */ = {isa = PBXFileReference; lastKnownFileType = sourcecode.swift; path = ImagesCollectionPresenter.swift; sourceTree = "<group>"; };
		720A38AD23AA922D0026EFC9 /* ImagesCollectionRouter.swift */ = {isa = PBXFileReference; lastKnownFileType = sourcecode.swift; path = ImagesCollectionRouter.swift; sourceTree = "<group>"; };
		720A38B023AA92BA0026EFC9 /* IImagesCollectionViewController.swift */ = {isa = PBXFileReference; lastKnownFileType = sourcecode.swift; path = IImagesCollectionViewController.swift; sourceTree = "<group>"; };
		720A38B223AA92C80026EFC9 /* IImagesCollectionPresenter.swift */ = {isa = PBXFileReference; lastKnownFileType = sourcecode.swift; path = IImagesCollectionPresenter.swift; sourceTree = "<group>"; };
		720A38B423AA92E10026EFC9 /* IImagesCollectionRouter.swift */ = {isa = PBXFileReference; lastKnownFileType = sourcecode.swift; path = IImagesCollectionRouter.swift; sourceTree = "<group>"; };
		720A38B723AA9A050026EFC9 /* NetworkRepository.swift */ = {isa = PBXFileReference; lastKnownFileType = sourcecode.swift; path = NetworkRepository.swift; sourceTree = "<group>"; };
		720A38B923AA9A170026EFC9 /* INetworkRepository.swift */ = {isa = PBXFileReference; lastKnownFileType = sourcecode.swift; path = INetworkRepository.swift; sourceTree = "<group>"; };
		720A38BC23ACF27B0026EFC9 /* ImageCell.swift */ = {isa = PBXFileReference; lastKnownFileType = sourcecode.swift; path = ImageCell.swift; sourceTree = "<group>"; };
		720A38BF23AD093E0026EFC9 /* UIConstants.swift */ = {isa = PBXFileReference; lastKnownFileType = sourcecode.swift; path = UIConstants.swift; sourceTree = "<group>"; };
		720A38C123AD6D5E0026EFC9 /* Fonts.swift */ = {isa = PBXFileReference; lastKnownFileType = sourcecode.swift; path = Fonts.swift; sourceTree = "<group>"; };
		720A38F123AF8C030026EFC9 /* Images.swift */ = {isa = PBXFileReference; lastKnownFileType = sourcecode.swift; path = Images.swift; sourceTree = "<group>"; };
		720A38F423B14FE00026EFC9 /* DatabaseRepository.swift */ = {isa = PBXFileReference; lastKnownFileType = sourcecode.swift; path = DatabaseRepository.swift; sourceTree = "<group>"; };
		720A38F623B14FEE0026EFC9 /* IDatabaseRepository.swift */ = {isa = PBXFileReference; lastKnownFileType = sourcecode.swift; path = IDatabaseRepository.swift; sourceTree = "<group>"; };
		720A38F923B21C010026EFC9 /* ImageModel.xcdatamodel */ = {isa = PBXFileReference; lastKnownFileType = wrapper.xcdatamodel; path = ImageModel.xcdatamodel; sourceTree = "<group>"; };
		720A38FD23B21E070026EFC9 /* CDImageModelManager.swift */ = {isa = PBXFileReference; lastKnownFileType = sourcecode.swift; path = CDImageModelManager.swift; sourceTree = "<group>"; };
		720A390223B220EE0026EFC9 /* ImageModel+CoreDataClass.swift */ = {isa = PBXFileReference; lastKnownFileType = sourcecode.swift; path = "ImageModel+CoreDataClass.swift"; sourceTree = "<group>"; };
		720A390323B220EE0026EFC9 /* ImageModel+CoreDataProperties.swift */ = {isa = PBXFileReference; lastKnownFileType = sourcecode.swift; path = "ImageModel+CoreDataProperties.swift"; sourceTree = "<group>"; };
		720A390723B223100026EFC9 /* ICDImageModelManager.swift */ = {isa = PBXFileReference; lastKnownFileType = sourcecode.swift; path = ICDImageModelManager.swift; sourceTree = "<group>"; };
		720A390923B3BF690026EFC9 /* UIImage+orientation.swift */ = {isa = PBXFileReference; lastKnownFileType = sourcecode.swift; path = "UIImage+orientation.swift"; sourceTree = "<group>"; };
		720A390C23C63B420026EFC9 /* WebSearchViewController.swift */ = {isa = PBXFileReference; lastKnownFileType = sourcecode.swift; path = WebSearchViewController.swift; sourceTree = "<group>"; };
		720A390E23C63B580026EFC9 /* WebSearchPresenter.swift */ = {isa = PBXFileReference; lastKnownFileType = sourcecode.swift; path = WebSearchPresenter.swift; sourceTree = "<group>"; };
		720A391023C63B690026EFC9 /* WebSearchRouter.swift */ = {isa = PBXFileReference; lastKnownFileType = sourcecode.swift; path = WebSearchRouter.swift; sourceTree = "<group>"; };
		720A391323C63C430026EFC9 /* IWebSearchViewController.swift */ = {isa = PBXFileReference; lastKnownFileType = sourcecode.swift; path = IWebSearchViewController.swift; sourceTree = "<group>"; };
		720A391523C63CA90026EFC9 /* IWebSearchPresenter.swift */ = {isa = PBXFileReference; lastKnownFileType = sourcecode.swift; path = IWebSearchPresenter.swift; sourceTree = "<group>"; };
		720A391723C63CCF0026EFC9 /* IWebSearchRouter.swift */ = {isa = PBXFileReference; lastKnownFileType = sourcecode.swift; path = IWebSearchRouter.swift; sourceTree = "<group>"; };
		720A391A23C76D3D0026EFC9 /* WebImageCell.swift */ = {isa = PBXFileReference; lastKnownFileType = sourcecode.swift; path = WebImageCell.swift; sourceTree = "<group>"; };
		720A391D23CA29120026EFC9 /* UnsplashAPI.swift */ = {isa = PBXFileReference; lastKnownFileType = sourcecode.swift; path = UnsplashAPI.swift; sourceTree = "<group>"; };
		720A392223CA2A5E0026EFC9 /* UnsplashImage.swift */ = {isa = PBXFileReference; lastKnownFileType = sourcecode.swift; path = UnsplashImage.swift; sourceTree = "<group>"; };
		720A392423CA2D1F0026EFC9 /* NetworkErrors.swift */ = {isa = PBXFileReference; lastKnownFileType = sourcecode.swift; path = NetworkErrors.swift; sourceTree = "<group>"; };
		720A392623CB57A50026EFC9 /* CollectionViewActivityIndicator.swift */ = {isa = PBXFileReference; lastKnownFileType = sourcecode.swift; path = CollectionViewActivityIndicator.swift; sourceTree = "<group>"; };
		8511E6EC23AA936A0032B588 /* ModuleFactory.swift */ = {isa = PBXFileReference; lastKnownFileType = sourcecode.swift; path = ModuleFactory.swift; sourceTree = "<group>"; };
		85121CAB23C79B6000DD4020 /* FiltersStack.swift */ = {isa = PBXFileReference; lastKnownFileType = sourcecode.swift; path = FiltersStack.swift; sourceTree = "<group>"; };
		8546B83A23CC5FFB00F4B33C /* ImageEditorViewController+IImageEditorViewController.swift */ = {isa = PBXFileReference; lastKnownFileType = sourcecode.swift; path = "ImageEditorViewController+IImageEditorViewController.swift"; sourceTree = "<group>"; };
		8546B83C23CC60E600F4B33C /* ImageEditorViewController+UIScrollViewDelegate.swift */ = {isa = PBXFileReference; lastKnownFileType = sourcecode.swift; path = "ImageEditorViewController+UIScrollViewDelegate.swift"; sourceTree = "<group>"; };
		8546B83E23CC60F900F4B33C /* ImageEditorViewController+UICollectionViewDataSource.swift */ = {isa = PBXFileReference; lastKnownFileType = sourcecode.swift; path = "ImageEditorViewController+UICollectionViewDataSource.swift"; sourceTree = "<group>"; };
		8546B84023CC611100F4B33C /* ImageEditorViewController+UICollectionViewDelegate.swift */ = {isa = PBXFileReference; lastKnownFileType = sourcecode.swift; path = "ImageEditorViewController+UICollectionViewDelegate.swift"; sourceTree = "<group>"; };
		8546B84223CC613000F4B33C /* ImageEditorViewController+UICollectionViewDelegateFlowLayout.swift */ = {isa = PBXFileReference; lastKnownFileType = sourcecode.swift; path = "ImageEditorViewController+UICollectionViewDelegateFlowLayout.swift"; sourceTree = "<group>"; };
		85612AFA23ACE8140082DC95 /* ImageEditorViewController.swift */ = {isa = PBXFileReference; lastKnownFileType = sourcecode.swift; path = ImageEditorViewController.swift; sourceTree = "<group>"; };
		85612AFC23ACE8410082DC95 /* ImageEditorPresenter.swift */ = {isa = PBXFileReference; lastKnownFileType = sourcecode.swift; path = ImageEditorPresenter.swift; sourceTree = "<group>"; };
		85612AFE23ACE86E0082DC95 /* ImageEditorRouter.swift */ = {isa = PBXFileReference; lastKnownFileType = sourcecode.swift; path = ImageEditorRouter.swift; sourceTree = "<group>"; };
		85612B0123ACE8AC0082DC95 /* IImageEditorViewController.swift */ = {isa = PBXFileReference; lastKnownFileType = sourcecode.swift; path = IImageEditorViewController.swift; sourceTree = "<group>"; };
		85612B0323ACE8DC0082DC95 /* IImageEditorPresenter.swift */ = {isa = PBXFileReference; lastKnownFileType = sourcecode.swift; path = IImageEditorPresenter.swift; sourceTree = "<group>"; };
		85612B0523ACE8FC0082DC95 /* IImageEditorRouter.swift */ = {isa = PBXFileReference; lastKnownFileType = sourcecode.swift; path = IImageEditorRouter.swift; sourceTree = "<group>"; };
		85747C7623CB10930014EA4B /* UIImage+cropImage.swift */ = {isa = PBXFileReference; lastKnownFileType = sourcecode.swift; path = "UIImage+cropImage.swift"; sourceTree = "<group>"; };
		85747C7823CB14E60014EA4B /* CropView.swift */ = {isa = PBXFileReference; lastKnownFileType = sourcecode.swift; path = CropView.swift; sourceTree = "<group>"; };
		8577DD9F23B10D3100BE86E2 /* FilterCell.swift */ = {isa = PBXFileReference; lastKnownFileType = sourcecode.swift; path = FilterCell.swift; sourceTree = "<group>"; };
		8577DDA123B22D3C00BE86E2 /* FiltersList.swift */ = {isa = PBXFileReference; lastKnownFileType = sourcecode.swift; path = FiltersList.swift; sourceTree = "<group>"; };
		8577DDA323B24E0B00BE86E2 /* ImagesStack.swift */ = {isa = PBXFileReference; lastKnownFileType = sourcecode.swift; path = ImagesStack.swift; sourceTree = "<group>"; };
		858F4A8A23C1D5CE002C0BAB /* FilterParameter.swift */ = {isa = PBXFileReference; lastKnownFileType = sourcecode.swift; path = FilterParameter.swift; sourceTree = "<group>"; };
		858F4AAC23C1EF6A002C0BAB /* InstrumentCell.swift */ = {isa = PBXFileReference; lastKnownFileType = sourcecode.swift; path = InstrumentCell.swift; sourceTree = "<group>"; };
		858F4AAE23C2230A002C0BAB /* SliderView.swift */ = {isa = PBXFileReference; lastKnownFileType = sourcecode.swift; path = SliderView.swift; sourceTree = "<group>"; };
		859BCCD023AE99C600553048 /* EditorControlsCreator.swift */ = {isa = PBXFileReference; lastKnownFileType = sourcecode.swift; path = EditorControlsCreator.swift; sourceTree = "<group>"; };
		859BCCDB23AF725B00553048 /* Filter.swift */ = {isa = PBXFileReference; lastKnownFileType = sourcecode.swift; path = Filter.swift; sourceTree = "<group>"; };
		859BCCE423B0F4D100553048 /* UIImage+resize.swift */ = {isa = PBXFileReference; lastKnownFileType = sourcecode.swift; path = "UIImage+resize.swift"; sourceTree = "<group>"; };
		859BCCE623B0F4DD00553048 /* UIImage+setFilter.swift */ = {isa = PBXFileReference; lastKnownFileType = sourcecode.swift; path = "UIImage+setFilter.swift"; sourceTree = "<group>"; };
		85F61CC023CA2DE500E2C8FF /* UIImageView+getImageRectangle.swift */ = {isa = PBXFileReference; lastKnownFileType = sourcecode.swift; path = "UIImageView+getImageRectangle.swift"; sourceTree = "<group>"; };
/* End PBXFileReference section */

/* Begin PBXFrameworksBuildPhase section */
		720A388F23A7F8E20026EFC9 /* Frameworks */ = {
			isa = PBXFrameworksBuildPhase;
			buildActionMask = 2147483647;
			files = (
			);
			runOnlyForDeploymentPostprocessing = 0;
		};
/* End PBXFrameworksBuildPhase section */

/* Begin PBXGroup section */
		720A388923A7F8E20026EFC9 = {
			isa = PBXGroup;
			children = (
				720A389423A7F8E20026EFC9 /* SuperPaint */,
				720A389323A7F8E20026EFC9 /* Products */,
			);
			sourceTree = "<group>";
		};
		720A389323A7F8E20026EFC9 /* Products */ = {
			isa = PBXGroup;
			children = (
				720A389223A7F8E20026EFC9 /* SuperPaint.app */,
			);
			name = Products;
			sourceTree = "<group>";
		};
		720A389423A7F8E20026EFC9 /* SuperPaint */ = {
			isa = PBXGroup;
			children = (
				8546B84523CC648400F4B33C /* Modules */,
				720A38BE23AD09340026EFC9 /* Utils */,
				720A38B623AA99EA0026EFC9 /* NetworkRepository */,
				720A38F323B14FCC0026EFC9 /* DatabaseRepository */,
				8511E6EB23AA93550032B588 /* Factory */,
				720A389523A7F8E20026EFC9 /* AppDelegate.swift */,
				720A389C23A7F8E60026EFC9 /* Assets.xcassets */,
				720A389E23A7F8E60026EFC9 /* LaunchScreen.storyboard */,
				720A38A123A7F8E60026EFC9 /* Info.plist */,
			);
			path = SuperPaint;
			sourceTree = "<group>";
		};
		720A38A723AA91C50026EFC9 /* ImagesCollectionModule */ = {
			isa = PBXGroup;
			children = (
				720A38BB23ACF2580026EFC9 /* Views */,
				720A38AF23AA92910026EFC9 /* Protocols */,
				720A38A823AA920A0026EFC9 /* ImagesCollectionViewController.swift */,
				720A38AA23AA92180026EFC9 /* ImagesCollectionPresenter.swift */,
				720A38AD23AA922D0026EFC9 /* ImagesCollectionRouter.swift */,
			);
			path = ImagesCollectionModule;
			sourceTree = "<group>";
		};
		720A38AF23AA92910026EFC9 /* Protocols */ = {
			isa = PBXGroup;
			children = (
				720A38B023AA92BA0026EFC9 /* IImagesCollectionViewController.swift */,
				720A38B223AA92C80026EFC9 /* IImagesCollectionPresenter.swift */,
				720A38B423AA92E10026EFC9 /* IImagesCollectionRouter.swift */,
			);
			path = Protocols;
			sourceTree = "<group>";
		};
		720A38B623AA99EA0026EFC9 /* NetworkRepository */ = {
			isa = PBXGroup;
			children = (
				720A391C23CA28DD0026EFC9 /* UnsplashAPI */,
				720A392423CA2D1F0026EFC9 /* NetworkErrors.swift */,
				720A38B723AA9A050026EFC9 /* NetworkRepository.swift */,
				720A38B923AA9A170026EFC9 /* INetworkRepository.swift */,
			);
			path = NetworkRepository;
			sourceTree = "<group>";
		};
		720A38BB23ACF2580026EFC9 /* Views */ = {
			isa = PBXGroup;
			children = (
				720A38BC23ACF27B0026EFC9 /* ImageCell.swift */,
			);
			path = Views;
			sourceTree = "<group>";
		};
		720A38BE23AD09340026EFC9 /* Utils */ = {
			isa = PBXGroup;
			children = (
				720A38BF23AD093E0026EFC9 /* UIConstants.swift */,
				720A38C123AD6D5E0026EFC9 /* Fonts.swift */,
				720A38F123AF8C030026EFC9 /* Images.swift */,
				859BCCE423B0F4D100553048 /* UIImage+resize.swift */,
				859BCCE623B0F4DD00553048 /* UIImage+setFilter.swift */,
				720A390923B3BF690026EFC9 /* UIImage+orientation.swift */,
				85747C7623CB10930014EA4B /* UIImage+cropImage.swift */,
				8577DDA323B24E0B00BE86E2 /* ImagesStack.swift */,
				85121CAB23C79B6000DD4020 /* FiltersStack.swift */,
				85F61CC023CA2DE500E2C8FF /* UIImageView+getImageRectangle.swift */,
			);
			path = Utils;
			sourceTree = "<group>";
		};
		720A38F323B14FCC0026EFC9 /* DatabaseRepository */ = {
			isa = PBXGroup;
			children = (
				720A38FC23B21D460026EFC9 /* DatabaseManagers */,
				720A38FB23B21C090026EFC9 /* CoreData */,
				720A38F423B14FE00026EFC9 /* DatabaseRepository.swift */,
				720A38F623B14FEE0026EFC9 /* IDatabaseRepository.swift */,
			);
			path = DatabaseRepository;
			sourceTree = "<group>";
		};
		720A38FB23B21C090026EFC9 /* CoreData */ = {
			isa = PBXGroup;
			children = (
				720A38F823B21C010026EFC9 /* ImageModel.xcdatamodeld */,
				720A390223B220EE0026EFC9 /* ImageModel+CoreDataClass.swift */,
				720A390323B220EE0026EFC9 /* ImageModel+CoreDataProperties.swift */,
			);
			path = CoreData;
			sourceTree = "<group>";
		};
		720A38FC23B21D460026EFC9 /* DatabaseManagers */ = {
			isa = PBXGroup;
			children = (
				720A390623B223010026EFC9 /* Protocols */,
				720A38FD23B21E070026EFC9 /* CDImageModelManager.swift */,
			);
			path = DatabaseManagers;
			sourceTree = "<group>";
		};
		720A390623B223010026EFC9 /* Protocols */ = {
			isa = PBXGroup;
			children = (
				720A390723B223100026EFC9 /* ICDImageModelManager.swift */,
			);
			path = Protocols;
			sourceTree = "<group>";
		};
		720A390B23C63AFC0026EFC9 /* WebSearchModule */ = {
			isa = PBXGroup;
			children = (
				720A391923C76D180026EFC9 /* Views */,
				720A391223C63B6C0026EFC9 /* Protocols */,
				720A390C23C63B420026EFC9 /* WebSearchViewController.swift */,
				720A390E23C63B580026EFC9 /* WebSearchPresenter.swift */,
				720A391023C63B690026EFC9 /* WebSearchRouter.swift */,
			);
			path = WebSearchModule;
			sourceTree = "<group>";
		};
		720A391223C63B6C0026EFC9 /* Protocols */ = {
			isa = PBXGroup;
			children = (
				720A391323C63C430026EFC9 /* IWebSearchViewController.swift */,
				720A391523C63CA90026EFC9 /* IWebSearchPresenter.swift */,
				720A391723C63CCF0026EFC9 /* IWebSearchRouter.swift */,
			);
			path = Protocols;
			sourceTree = "<group>";
		};
		720A391923C76D180026EFC9 /* Views */ = {
			isa = PBXGroup;
			children = (
				720A391A23C76D3D0026EFC9 /* WebImageCell.swift */,
				720A392623CB57A50026EFC9 /* CollectionViewActivityIndicator.swift */,
			);
			path = Views;
			sourceTree = "<group>";
		};
		720A391C23CA28DD0026EFC9 /* UnsplashAPI */ = {
			isa = PBXGroup;
			children = (
				720A391D23CA29120026EFC9 /* UnsplashAPI.swift */,
				720A392223CA2A5E0026EFC9 /* UnsplashImage.swift */,
			);
			path = UnsplashAPI;
			sourceTree = "<group>";
		};
		8511E6EB23AA93550032B588 /* Factory */ = {
			isa = PBXGroup;
			children = (
				8511E6EC23AA936A0032B588 /* ModuleFactory.swift */,
			);
			path = Factory;
			sourceTree = "<group>";
		};
		8546B84423CC627300F4B33C /* ViewControllerExtensions */ = {
			isa = PBXGroup;
			children = (
				8546B83A23CC5FFB00F4B33C /* ImageEditorViewController+IImageEditorViewController.swift */,
				8546B83C23CC60E600F4B33C /* ImageEditorViewController+UIScrollViewDelegate.swift */,
				8546B83E23CC60F900F4B33C /* ImageEditorViewController+UICollectionViewDataSource.swift */,
				8546B84023CC611100F4B33C /* ImageEditorViewController+UICollectionViewDelegate.swift */,
				8546B84223CC613000F4B33C /* ImageEditorViewController+UICollectionViewDelegateFlowLayout.swift */,
			);
			path = ViewControllerExtensions;
			sourceTree = "<group>";
		};
		8546B84523CC648400F4B33C /* Modules */ = {
			isa = PBXGroup;
			children = (
				720A390B23C63AFC0026EFC9 /* WebSearchModule */,
				720A38A723AA91C50026EFC9 /* ImagesCollectionModule */,
				85612AF923ACE7E70082DC95 /* ImageEditorModule */,
			);
			path = Modules;
			sourceTree = "<group>";
		};
		85612AF923ACE7E70082DC95 /* ImageEditorModule */ = {
			isa = PBXGroup;
			children = (
				859BCCEA23B0F94400553048 /* Views */,
				859BCCE323AFF6C000553048 /* Model */,
				859BCCCF23AE999B00553048 /* EditorControlsCreator */,
				85612B0023ACE8950082DC95 /* Protocols */,
				8546B84423CC627300F4B33C /* ViewControllerExtensions */,
				85612AFC23ACE8410082DC95 /* ImageEditorPresenter.swift */,
				85612AFA23ACE8140082DC95 /* ImageEditorViewController.swift */,
				85612AFE23ACE86E0082DC95 /* ImageEditorRouter.swift */,
			);
			path = ImageEditorModule;
			sourceTree = "<group>";
		};
		85612B0023ACE8950082DC95 /* Protocols */ = {
			isa = PBXGroup;
			children = (
				85612B0123ACE8AC0082DC95 /* IImageEditorViewController.swift */,
				85612B0323ACE8DC0082DC95 /* IImageEditorPresenter.swift */,
				85612B0523ACE8FC0082DC95 /* IImageEditorRouter.swift */,
			);
			path = Protocols;
			sourceTree = "<group>";
		};
		859BCCCF23AE999B00553048 /* EditorControlsCreator */ = {
			isa = PBXGroup;
			children = (
				859BCCD023AE99C600553048 /* EditorControlsCreator.swift */,
			);
			path = EditorControlsCreator;
			sourceTree = "<group>";
		};
		859BCCE323AFF6C000553048 /* Model */ = {
			isa = PBXGroup;
			children = (
				8577DDA123B22D3C00BE86E2 /* FiltersList.swift */,
				859BCCDB23AF725B00553048 /* Filter.swift */,
				858F4A8A23C1D5CE002C0BAB /* FilterParameter.swift */,
			);
			path = Model;
			sourceTree = "<group>";
		};
		859BCCEA23B0F94400553048 /* Views */ = {
			isa = PBXGroup;
			children = (
				8577DD9F23B10D3100BE86E2 /* FilterCell.swift */,
				858F4AAC23C1EF6A002C0BAB /* InstrumentCell.swift */,
				858F4AAE23C2230A002C0BAB /* SliderView.swift */,
				85747C7823CB14E60014EA4B /* CropView.swift */,
			);
			path = Views;
			sourceTree = "<group>";
		};
/* End PBXGroup section */

/* Begin PBXNativeTarget section */
		720A389123A7F8E20026EFC9 /* SuperPaint */ = {
			isa = PBXNativeTarget;
			buildConfigurationList = 720A38A423A7F8E60026EFC9 /* Build configuration list for PBXNativeTarget "SuperPaint" */;
			buildPhases = (
				720A388E23A7F8E20026EFC9 /* Sources */,
				720A388F23A7F8E20026EFC9 /* Frameworks */,
				720A389023A7F8E20026EFC9 /* Resources */,
				856CF96723A7FD82009C96FB /* ShellScript */,
			);
			buildRules = (
			);
			dependencies = (
			);
			name = SuperPaint;
			productName = SuperPaint;
			productReference = 720A389223A7F8E20026EFC9 /* SuperPaint.app */;
			productType = "com.apple.product-type.application";
		};
/* End PBXNativeTarget section */

/* Begin PBXProject section */
		720A388A23A7F8E20026EFC9 /* Project object */ = {
			isa = PBXProject;
			attributes = {
				LastSwiftUpdateCheck = 1030;
				LastUpgradeCheck = 1030;
				ORGANIZATIONNAME = Fixiki;
				TargetAttributes = {
					720A389123A7F8E20026EFC9 = {
						CreatedOnToolsVersion = 10.3;
					};
				};
			};
			buildConfigurationList = 720A388D23A7F8E20026EFC9 /* Build configuration list for PBXProject "SuperPaint" */;
			compatibilityVersion = "Xcode 9.3";
			developmentRegion = en;
			hasScannedForEncodings = 0;
			knownRegions = (
				en,
				Base,
			);
			mainGroup = 720A388923A7F8E20026EFC9;
			productRefGroup = 720A389323A7F8E20026EFC9 /* Products */;
			projectDirPath = "";
			projectRoot = "";
			targets = (
				720A389123A7F8E20026EFC9 /* SuperPaint */,
			);
		};
/* End PBXProject section */

/* Begin PBXResourcesBuildPhase section */
		720A389023A7F8E20026EFC9 /* Resources */ = {
			isa = PBXResourcesBuildPhase;
			buildActionMask = 2147483647;
			files = (
				720A38A023A7F8E60026EFC9 /* LaunchScreen.storyboard in Resources */,
				720A389D23A7F8E60026EFC9 /* Assets.xcassets in Resources */,
			);
			runOnlyForDeploymentPostprocessing = 0;
		};
/* End PBXResourcesBuildPhase section */

/* Begin PBXShellScriptBuildPhase section */
		856CF96723A7FD82009C96FB /* ShellScript */ = {
			isa = PBXShellScriptBuildPhase;
			buildActionMask = 2147483647;
			files = (
			);
			inputFileListPaths = (
			);
			inputPaths = (
			);
			outputFileListPaths = (
			);
			outputPaths = (
			);
			runOnlyForDeploymentPostprocessing = 0;
			shellPath = /bin/sh;
			shellScript = "# Type a script or drag a script file from your workspace to insert its path.\nif which swiftlint >/dev/null; then\n  swiftlint\nelse\n  echo \"warning: SwiftLint not installed, download from https://github.com/realm/SwiftLint\"\nfi\n";
		};
/* End PBXShellScriptBuildPhase section */

/* Begin PBXSourcesBuildPhase section */
		720A388E23A7F8E20026EFC9 /* Sources */ = {
			isa = PBXSourcesBuildPhase;
			buildActionMask = 2147483647;
			files = (
				720A38AB23AA92180026EFC9 /* ImagesCollectionPresenter.swift in Sources */,
				85612B0423ACE8DC0082DC95 /* IImageEditorPresenter.swift in Sources */,
				720A38B323AA92C80026EFC9 /* IImagesCollectionPresenter.swift in Sources */,
				720A390523B220EE0026EFC9 /* ImageModel+CoreDataProperties.swift in Sources */,
				720A390423B220EE0026EFC9 /* ImageModel+CoreDataClass.swift in Sources */,
				720A392523CA2D1F0026EFC9 /* NetworkErrors.swift in Sources */,
				720A38C223AD6D5E0026EFC9 /* Fonts.swift in Sources */,
				8577DDA023B10D3100BE86E2 /* FilterCell.swift in Sources */,
				720A38BD23ACF27B0026EFC9 /* ImageCell.swift in Sources */,
				720A38A923AA920A0026EFC9 /* ImagesCollectionViewController.swift in Sources */,
				720A38B523AA92E10026EFC9 /* IImagesCollectionRouter.swift in Sources */,
				8546B83D23CC60E600F4B33C /* ImageEditorViewController+UIScrollViewDelegate.swift in Sources */,
				720A391E23CA29120026EFC9 /* UnsplashAPI.swift in Sources */,
				720A38F723B14FEE0026EFC9 /* IDatabaseRepository.swift in Sources */,
				720A38F223AF8C030026EFC9 /* Images.swift in Sources */,
				720A390D23C63B430026EFC9 /* WebSearchViewController.swift in Sources */,
				859BCCE723B0F4DD00553048 /* UIImage+setFilter.swift in Sources */,
				8577DDA423B24E0B00BE86E2 /* ImagesStack.swift in Sources */,
				720A390F23C63B580026EFC9 /* WebSearchPresenter.swift in Sources */,
				8546B84123CC611100F4B33C /* ImageEditorViewController+UICollectionViewDelegate.swift in Sources */,
				85612AFB23ACE8140082DC95 /* ImageEditorViewController.swift in Sources */,
				8511E6ED23AA936A0032B588 /* ModuleFactory.swift in Sources */,
				85612B0623ACE8FC0082DC95 /* IImageEditorRouter.swift in Sources */,
				720A391623C63CA90026EFC9 /* IWebSearchPresenter.swift in Sources */,
				720A391123C63B690026EFC9 /* WebSearchRouter.swift in Sources */,
				720A389623A7F8E20026EFC9 /* AppDelegate.swift in Sources */,
				720A392923CBC6C10026EFC9 /* CropView.swift in Sources */,
				720A38FA23B21C010026EFC9 /* ImageModel.xcdatamodeld in Sources */,
				720A38B123AA92BA0026EFC9 /* IImagesCollectionViewController.swift in Sources */,
				85612AFF23ACE86E0082DC95 /* ImageEditorRouter.swift in Sources */,
				720A390823B223100026EFC9 /* ICDImageModelManager.swift in Sources */,
				720A391423C63C430026EFC9 /* IWebSearchViewController.swift in Sources */,
				720A392323CA2A5E0026EFC9 /* UnsplashImage.swift in Sources */,
				8577DDA223B22D3C00BE86E2 /* FiltersList.swift in Sources */,
				8546B83F23CC60F900F4B33C /* ImageEditorViewController+UICollectionViewDataSource.swift in Sources */,
				720A38F523B14FE00026EFC9 /* DatabaseRepository.swift in Sources */,
				720A38AE23AA922D0026EFC9 /* ImagesCollectionRouter.swift in Sources */,
				858F4AAD23C1EF6A002C0BAB /* InstrumentCell.swift in Sources */,
				720A391823C63CCF0026EFC9 /* IWebSearchRouter.swift in Sources */,
				720A392A23CBC78E0026EFC9 /* UIImage+cropImage.swift in Sources */,
				859BCCD123AE99C600553048 /* EditorControlsCreator.swift in Sources */,
				85612B0223ACE8AC0082DC95 /* IImageEditorViewController.swift in Sources */,
				85121CAC23C79B6000DD4020 /* FiltersStack.swift in Sources */,
				858F4A8B23C1D5CE002C0BAB /* FilterParameter.swift in Sources */,
				720A38FE23B21E070026EFC9 /* CDImageModelManager.swift in Sources */,
				8546B84323CC613000F4B33C /* ImageEditorViewController+UICollectionViewDelegateFlowLayout.swift in Sources */,
				720A38B823AA9A050026EFC9 /* NetworkRepository.swift in Sources */,
				720A390A23B3BF6A0026EFC9 /* UIImage+orientation.swift in Sources */,
				859BCCE523B0F4D100553048 /* UIImage+resize.swift in Sources */,
				720A392723CB57A60026EFC9 /* CollectionViewActivityIndicator.swift in Sources */,
				720A38BA23AA9A170026EFC9 /* INetworkRepository.swift in Sources */,
				85612AFD23ACE8410082DC95 /* ImageEditorPresenter.swift in Sources */,
				859BCCDC23AF725B00553048 /* Filter.swift in Sources */,
				720A391B23C76D3D0026EFC9 /* WebImageCell.swift in Sources */,
				720A38C023AD093E0026EFC9 /* UIConstants.swift in Sources */,
				8546B83B23CC5FFB00F4B33C /* ImageEditorViewController+IImageEditorViewController.swift in Sources */,
				85F61CC123CA2DE500E2C8FF /* UIImageView+getImageRectangle.swift in Sources */,
				858F4AAF23C2230A002C0BAB /* SliderView.swift in Sources */,
			);
			runOnlyForDeploymentPostprocessing = 0;
		};
/* End PBXSourcesBuildPhase section */

/* Begin PBXVariantGroup section */
		720A389E23A7F8E60026EFC9 /* LaunchScreen.storyboard */ = {
			isa = PBXVariantGroup;
			children = (
				720A389F23A7F8E60026EFC9 /* Base */,
			);
			name = LaunchScreen.storyboard;
			sourceTree = "<group>";
		};
/* End PBXVariantGroup section */

/* Begin XCBuildConfiguration section */
		720A38A223A7F8E60026EFC9 /* Debug */ = {
			isa = XCBuildConfiguration;
			buildSettings = {
				ALWAYS_SEARCH_USER_PATHS = NO;
				CLANG_ANALYZER_NONNULL = YES;
				CLANG_ANALYZER_NUMBER_OBJECT_CONVERSION = YES_AGGRESSIVE;
				CLANG_CXX_LANGUAGE_STANDARD = "gnu++14";
				CLANG_CXX_LIBRARY = "libc++";
				CLANG_ENABLE_MODULES = YES;
				CLANG_ENABLE_OBJC_ARC = YES;
				CLANG_ENABLE_OBJC_WEAK = YES;
				CLANG_WARN_BLOCK_CAPTURE_AUTORELEASING = YES;
				CLANG_WARN_BOOL_CONVERSION = YES;
				CLANG_WARN_COMMA = YES;
				CLANG_WARN_CONSTANT_CONVERSION = YES;
				CLANG_WARN_DEPRECATED_OBJC_IMPLEMENTATIONS = YES;
				CLANG_WARN_DIRECT_OBJC_ISA_USAGE = YES_ERROR;
				CLANG_WARN_DOCUMENTATION_COMMENTS = YES;
				CLANG_WARN_EMPTY_BODY = YES;
				CLANG_WARN_ENUM_CONVERSION = YES;
				CLANG_WARN_INFINITE_RECURSION = YES;
				CLANG_WARN_INT_CONVERSION = YES;
				CLANG_WARN_NON_LITERAL_NULL_CONVERSION = YES;
				CLANG_WARN_OBJC_IMPLICIT_RETAIN_SELF = YES;
				CLANG_WARN_OBJC_LITERAL_CONVERSION = YES;
				CLANG_WARN_OBJC_ROOT_CLASS = YES_ERROR;
				CLANG_WARN_RANGE_LOOP_ANALYSIS = YES;
				CLANG_WARN_STRICT_PROTOTYPES = YES;
				CLANG_WARN_SUSPICIOUS_MOVE = YES;
				CLANG_WARN_UNGUARDED_AVAILABILITY = YES_AGGRESSIVE;
				CLANG_WARN_UNREACHABLE_CODE = YES;
				CLANG_WARN__DUPLICATE_METHOD_MATCH = YES;
				CODE_SIGN_IDENTITY = "iPhone Developer";
				COPY_PHASE_STRIP = NO;
				DEBUG_INFORMATION_FORMAT = dwarf;
				ENABLE_STRICT_OBJC_MSGSEND = YES;
				ENABLE_TESTABILITY = YES;
				GCC_C_LANGUAGE_STANDARD = gnu11;
				GCC_DYNAMIC_NO_PIC = NO;
				GCC_NO_COMMON_BLOCKS = YES;
				GCC_OPTIMIZATION_LEVEL = 0;
				GCC_PREPROCESSOR_DEFINITIONS = (
					"DEBUG=1",
					"$(inherited)",
				);
				GCC_WARN_64_TO_32_BIT_CONVERSION = YES;
				GCC_WARN_ABOUT_RETURN_TYPE = YES_ERROR;
				GCC_WARN_UNDECLARED_SELECTOR = YES;
				GCC_WARN_UNINITIALIZED_AUTOS = YES_AGGRESSIVE;
				GCC_WARN_UNUSED_FUNCTION = YES;
				GCC_WARN_UNUSED_VARIABLE = YES;
				IPHONEOS_DEPLOYMENT_TARGET = 12.4;
				MTL_ENABLE_DEBUG_INFO = INCLUDE_SOURCE;
				MTL_FAST_MATH = YES;
				ONLY_ACTIVE_ARCH = YES;
				SDKROOT = iphoneos;
				SWIFT_ACTIVE_COMPILATION_CONDITIONS = DEBUG;
				SWIFT_OPTIMIZATION_LEVEL = "-Onone";
			};
			name = Debug;
		};
		720A38A323A7F8E60026EFC9 /* Release */ = {
			isa = XCBuildConfiguration;
			buildSettings = {
				ALWAYS_SEARCH_USER_PATHS = NO;
				CLANG_ANALYZER_NONNULL = YES;
				CLANG_ANALYZER_NUMBER_OBJECT_CONVERSION = YES_AGGRESSIVE;
				CLANG_CXX_LANGUAGE_STANDARD = "gnu++14";
				CLANG_CXX_LIBRARY = "libc++";
				CLANG_ENABLE_MODULES = YES;
				CLANG_ENABLE_OBJC_ARC = YES;
				CLANG_ENABLE_OBJC_WEAK = YES;
				CLANG_WARN_BLOCK_CAPTURE_AUTORELEASING = YES;
				CLANG_WARN_BOOL_CONVERSION = YES;
				CLANG_WARN_COMMA = YES;
				CLANG_WARN_CONSTANT_CONVERSION = YES;
				CLANG_WARN_DEPRECATED_OBJC_IMPLEMENTATIONS = YES;
				CLANG_WARN_DIRECT_OBJC_ISA_USAGE = YES_ERROR;
				CLANG_WARN_DOCUMENTATION_COMMENTS = YES;
				CLANG_WARN_EMPTY_BODY = YES;
				CLANG_WARN_ENUM_CONVERSION = YES;
				CLANG_WARN_INFINITE_RECURSION = YES;
				CLANG_WARN_INT_CONVERSION = YES;
				CLANG_WARN_NON_LITERAL_NULL_CONVERSION = YES;
				CLANG_WARN_OBJC_IMPLICIT_RETAIN_SELF = YES;
				CLANG_WARN_OBJC_LITERAL_CONVERSION = YES;
				CLANG_WARN_OBJC_ROOT_CLASS = YES_ERROR;
				CLANG_WARN_RANGE_LOOP_ANALYSIS = YES;
				CLANG_WARN_STRICT_PROTOTYPES = YES;
				CLANG_WARN_SUSPICIOUS_MOVE = YES;
				CLANG_WARN_UNGUARDED_AVAILABILITY = YES_AGGRESSIVE;
				CLANG_WARN_UNREACHABLE_CODE = YES;
				CLANG_WARN__DUPLICATE_METHOD_MATCH = YES;
				CODE_SIGN_IDENTITY = "iPhone Developer";
				COPY_PHASE_STRIP = NO;
				DEBUG_INFORMATION_FORMAT = "dwarf-with-dsym";
				ENABLE_NS_ASSERTIONS = NO;
				ENABLE_STRICT_OBJC_MSGSEND = YES;
				GCC_C_LANGUAGE_STANDARD = gnu11;
				GCC_NO_COMMON_BLOCKS = YES;
				GCC_WARN_64_TO_32_BIT_CONVERSION = YES;
				GCC_WARN_ABOUT_RETURN_TYPE = YES_ERROR;
				GCC_WARN_UNDECLARED_SELECTOR = YES;
				GCC_WARN_UNINITIALIZED_AUTOS = YES_AGGRESSIVE;
				GCC_WARN_UNUSED_FUNCTION = YES;
				GCC_WARN_UNUSED_VARIABLE = YES;
				IPHONEOS_DEPLOYMENT_TARGET = 12.4;
				MTL_ENABLE_DEBUG_INFO = NO;
				MTL_FAST_MATH = YES;
				SDKROOT = iphoneos;
				SWIFT_COMPILATION_MODE = wholemodule;
				SWIFT_OPTIMIZATION_LEVEL = "-O";
				VALIDATE_PRODUCT = YES;
			};
			name = Release;
		};
		720A38A523A7F8E60026EFC9 /* Debug */ = {
			isa = XCBuildConfiguration;
			buildSettings = {
				ASSETCATALOG_COMPILER_APPICON_NAME = AppIcon;
				CODE_SIGN_STYLE = Automatic;
				DEVELOPMENT_TEAM = 72DN37DPYX;
				INFOPLIST_FILE = SuperPaint/Info.plist;
				LD_RUNPATH_SEARCH_PATHS = (
					"$(inherited)",
					"@executable_path/Frameworks",
				);
				PRODUCT_BUNDLE_IDENTIFIER = Fixiki.SuperPaint;
				PRODUCT_NAME = "$(TARGET_NAME)";
				SWIFT_VERSION = 5.0;
				TARGETED_DEVICE_FAMILY = "1,2";
			};
			name = Debug;
		};
		720A38A623A7F8E60026EFC9 /* Release */ = {
			isa = XCBuildConfiguration;
			buildSettings = {
				ASSETCATALOG_COMPILER_APPICON_NAME = AppIcon;
				CODE_SIGN_STYLE = Automatic;
				DEVELOPMENT_TEAM = 72DN37DPYX;
				INFOPLIST_FILE = SuperPaint/Info.plist;
				LD_RUNPATH_SEARCH_PATHS = (
					"$(inherited)",
					"@executable_path/Frameworks",
				);
				PRODUCT_BUNDLE_IDENTIFIER = Fixiki.SuperPaint;
				PRODUCT_NAME = "$(TARGET_NAME)";
				SWIFT_VERSION = 5.0;
				TARGETED_DEVICE_FAMILY = "1,2";
			};
			name = Release;
		};
/* End XCBuildConfiguration section */

/* Begin XCConfigurationList section */
		720A388D23A7F8E20026EFC9 /* Build configuration list for PBXProject "SuperPaint" */ = {
			isa = XCConfigurationList;
			buildConfigurations = (
				720A38A223A7F8E60026EFC9 /* Debug */,
				720A38A323A7F8E60026EFC9 /* Release */,
			);
			defaultConfigurationIsVisible = 0;
			defaultConfigurationName = Release;
		};
		720A38A423A7F8E60026EFC9 /* Build configuration list for PBXNativeTarget "SuperPaint" */ = {
			isa = XCConfigurationList;
			buildConfigurations = (
				720A38A523A7F8E60026EFC9 /* Debug */,
				720A38A623A7F8E60026EFC9 /* Release */,
			);
			defaultConfigurationIsVisible = 0;
			defaultConfigurationName = Release;
		};
/* End XCConfigurationList section */

/* Begin XCVersionGroup section */
		720A38F823B21C010026EFC9 /* ImageModel.xcdatamodeld */ = {
			isa = XCVersionGroup;
			children = (
				720A38F923B21C010026EFC9 /* ImageModel.xcdatamodel */,
			);
			currentVersion = 720A38F923B21C010026EFC9 /* ImageModel.xcdatamodel */;
			path = ImageModel.xcdatamodeld;
			sourceTree = "<group>";
			versionGroupType = wrapper.xcdatamodel;
		};
/* End XCVersionGroup section */
	};
	rootObject = 720A388A23A7F8E20026EFC9 /* Project object */;
}
